
Microsoft Visual Studio Solution File, Format Version 12.00
# Visual Studio 15
VisualStudioVersion = 15.0.27130.2020
MinimumVisualStudioVersion = 10.0.40219.1
Project("{FAE04EC0-301F-11D3-BF4B-00C04F79EFBC}") = "Vehicle", "Vehile\Vehicle.csproj", "{2CC5B092-6FA4-4118-BB3E-5A63B04506C2}"
EndProject
Global
	GlobalSection(SolutionConfigurationPlatforms) = preSolution
		Debug|Any CPU = Debug|Any CPU
		Release|Any CPU = Release|Any CPU
	EndGlobalSection
	GlobalSection(ProjectConfigurationPlatforms) = postSolution
		{2CC5B092-6FA4-4118-BB3E-5A63B04506C2}.Debug|Any CPU.ActiveCfg = Debug|Any CPU
		{2CC5B092-6FA4-4118-BB3E-5A63B04506C2}.Debug|Any CPU.Build.0 = Debug|Any CPU
		{2CC5B092-6FA4-4118-BB3E-5A63B04506C2}.Release|Any CPU.ActiveCfg = Release|Any CPU
		{2CC5B092-6FA4-4118-BB3E-5A63B04506C2}.Release|Any CPU.Build.0 = Release|Any CPU
	EndGlobalSection
	GlobalSection(SolutionProperties) = preSolution
		HideSolutionNode = FALSE
	EndGlobalSection
	GlobalSection(ExtensibilityGlobals) = postSolution
		SolutionGuid = {12B12DEA-3610-4C97-AA77-232751B2E2B6}
	EndGlobalSection
EndGlobal
