
Microsoft Visual Studio Solution File, Format Version 12.00
# Visual Studio 15
VisualStudioVersion = 15.0.27130.2020
MinimumVisualStudioVersion = 10.0.40219.1
Project("{FAE04EC0-301F-11D3-BF4B-00C04F79EFBC}") = "Example5.6", "Example5.6\Example5.6.csproj", "{5975E707-8351-4FC9-87DD-7B9B19629086}"
EndProject
Project("{FAE04EC0-301F-11D3-BF4B-00C04F79EFBC}") = "Example5_9", "Example5_9\Example5_9.csproj", "{09268C3B-BC0E-4E4A-865B-9A69E3DF64A4}"
EndProject
Project("{FAE04EC0-301F-11D3-BF4B-00C04F79EFBC}") = "Example6_1", "Example6_1\Example6_1.csproj", "{78FAEB66-2988-42F8-9182-97377DCE39CF}"
EndProject
Project("{FAE04EC0-301F-11D3-BF4B-00C04F79EFBC}") = "Example6_4", "Example6_4\Example6_4.csproj", "{073300C9-3F90-48B6-9BB4-1EC883BC505E}"
EndProject
Project("{FAE04EC0-301F-11D3-BF4B-00C04F79EFBC}") = "Example6_5", "Example6_5\Example6_5.csproj", "{8BACEA20-884A-426B-A867-F6711EF65F96}"
EndProject
Project("{FAE04EC0-301F-11D3-BF4B-00C04F79EFBC}") = "Example6_6", "Example6_6\Example6_6.csproj", "{7F3EAD77-65C8-4794-A88A-0E5BDD5F03CD}"
EndProject
Project("{FAE04EC0-301F-11D3-BF4B-00C04F79EFBC}") = "Example6_7", "Example6_7\Example6_7.csproj", "{BDF3AD3F-0D43-4EDB-8926-6F899F9D31E3}"
EndProject
Project("{FAE04EC0-301F-11D3-BF4B-00C04F79EFBC}") = "Example6_8", "Example6_8\Example6_8.csproj", "{926ACE1A-62B1-4DAE-A63C-479405362219}"
EndProject
Project("{FAE04EC0-301F-11D3-BF4B-00C04F79EFBC}") = "Example7_1", "Example7_1\Example7_1.csproj", "{55240FD3-4F73-4419-8BBD-D295E2840836}"
EndProject
Project("{FAE04EC0-301F-11D3-BF4B-00C04F79EFBC}") = "Example7_2", "Example7_2\Example7_2.csproj", "{B0E33FF8-DDDF-4A7D-ACF3-8AE7031FD224}"
EndProject
Project("{FAE04EC0-301F-11D3-BF4B-00C04F79EFBC}") = "Example7_4", "example7_4\Example7_4.csproj", "{41507EF1-E427-42A0-9F0E-C29C164D8DE6}"
EndProject
Global
	GlobalSection(SolutionConfigurationPlatforms) = preSolution
		Debug|Any CPU = Debug|Any CPU
		Release|Any CPU = Release|Any CPU
	EndGlobalSection
	GlobalSection(ProjectConfigurationPlatforms) = postSolution
		{5975E707-8351-4FC9-87DD-7B9B19629086}.Debug|Any CPU.ActiveCfg = Debug|Any CPU
		{5975E707-8351-4FC9-87DD-7B9B19629086}.Debug|Any CPU.Build.0 = Debug|Any CPU
		{5975E707-8351-4FC9-87DD-7B9B19629086}.Release|Any CPU.ActiveCfg = Release|Any CPU
		{5975E707-8351-4FC9-87DD-7B9B19629086}.Release|Any CPU.Build.0 = Release|Any CPU
		{09268C3B-BC0E-4E4A-865B-9A69E3DF64A4}.Debug|Any CPU.ActiveCfg = Debug|Any CPU
		{09268C3B-BC0E-4E4A-865B-9A69E3DF64A4}.Debug|Any CPU.Build.0 = Debug|Any CPU
		{09268C3B-BC0E-4E4A-865B-9A69E3DF64A4}.Release|Any CPU.ActiveCfg = Release|Any CPU
		{09268C3B-BC0E-4E4A-865B-9A69E3DF64A4}.Release|Any CPU.Build.0 = Release|Any CPU
		{78FAEB66-2988-42F8-9182-97377DCE39CF}.Debug|Any CPU.ActiveCfg = Debug|Any CPU
		{78FAEB66-2988-42F8-9182-97377DCE39CF}.Debug|Any CPU.Build.0 = Debug|Any CPU
		{78FAEB66-2988-42F8-9182-97377DCE39CF}.Release|Any CPU.ActiveCfg = Release|Any CPU
		{78FAEB66-2988-42F8-9182-97377DCE39CF}.Release|Any CPU.Build.0 = Release|Any CPU
		{073300C9-3F90-48B6-9BB4-1EC883BC505E}.Debug|Any CPU.ActiveCfg = Debug|Any CPU
		{073300C9-3F90-48B6-9BB4-1EC883BC505E}.Debug|Any CPU.Build.0 = Debug|Any CPU
		{073300C9-3F90-48B6-9BB4-1EC883BC505E}.Release|Any CPU.ActiveCfg = Release|Any CPU
		{073300C9-3F90-48B6-9BB4-1EC883BC505E}.Release|Any CPU.Build.0 = Release|Any CPU
		{8BACEA20-884A-426B-A867-F6711EF65F96}.Debug|Any CPU.ActiveCfg = Debug|Any CPU
		{8BACEA20-884A-426B-A867-F6711EF65F96}.Debug|Any CPU.Build.0 = Debug|Any CPU
		{8BACEA20-884A-426B-A867-F6711EF65F96}.Release|Any CPU.ActiveCfg = Release|Any CPU
		{8BACEA20-884A-426B-A867-F6711EF65F96}.Release|Any CPU.Build.0 = Release|Any CPU
		{7F3EAD77-65C8-4794-A88A-0E5BDD5F03CD}.Debug|Any CPU.ActiveCfg = Debug|Any CPU
		{7F3EAD77-65C8-4794-A88A-0E5BDD5F03CD}.Debug|Any CPU.Build.0 = Debug|Any CPU
		{7F3EAD77-65C8-4794-A88A-0E5BDD5F03CD}.Release|Any CPU.ActiveCfg = Release|Any CPU
		{7F3EAD77-65C8-4794-A88A-0E5BDD5F03CD}.Release|Any CPU.Build.0 = Release|Any CPU
		{BDF3AD3F-0D43-4EDB-8926-6F899F9D31E3}.Debug|Any CPU.ActiveCfg = Debug|Any CPU
		{BDF3AD3F-0D43-4EDB-8926-6F899F9D31E3}.Debug|Any CPU.Build.0 = Debug|Any CPU
		{BDF3AD3F-0D43-4EDB-8926-6F899F9D31E3}.Release|Any CPU.ActiveCfg = Release|Any CPU
		{BDF3AD3F-0D43-4EDB-8926-6F899F9D31E3}.Release|Any CPU.Build.0 = Release|Any CPU
		{926ACE1A-62B1-4DAE-A63C-479405362219}.Debug|Any CPU.ActiveCfg = Debug|Any CPU
		{926ACE1A-62B1-4DAE-A63C-479405362219}.Debug|Any CPU.Build.0 = Debug|Any CPU
		{926ACE1A-62B1-4DAE-A63C-479405362219}.Release|Any CPU.ActiveCfg = Release|Any CPU
		{926ACE1A-62B1-4DAE-A63C-479405362219}.Release|Any CPU.Build.0 = Release|Any CPU
		{55240FD3-4F73-4419-8BBD-D295E2840836}.Debug|Any CPU.ActiveCfg = Debug|Any CPU
		{55240FD3-4F73-4419-8BBD-D295E2840836}.Debug|Any CPU.Build.0 = Debug|Any CPU
		{55240FD3-4F73-4419-8BBD-D295E2840836}.Release|Any CPU.ActiveCfg = Release|Any CPU
		{55240FD3-4F73-4419-8BBD-D295E2840836}.Release|Any CPU.Build.0 = Release|Any CPU
		{B0E33FF8-DDDF-4A7D-ACF3-8AE7031FD224}.Debug|Any CPU.ActiveCfg = Debug|Any CPU
		{B0E33FF8-DDDF-4A7D-ACF3-8AE7031FD224}.Debug|Any CPU.Build.0 = Debug|Any CPU
		{B0E33FF8-DDDF-4A7D-ACF3-8AE7031FD224}.Release|Any CPU.ActiveCfg = Release|Any CPU
		{B0E33FF8-DDDF-4A7D-ACF3-8AE7031FD224}.Release|Any CPU.Build.0 = Release|Any CPU
		{41507EF1-E427-42A0-9F0E-C29C164D8DE6}.Debug|Any CPU.ActiveCfg = Debug|Any CPU
		{41507EF1-E427-42A0-9F0E-C29C164D8DE6}.Debug|Any CPU.Build.0 = Debug|Any CPU
		{41507EF1-E427-42A0-9F0E-C29C164D8DE6}.Release|Any CPU.ActiveCfg = Release|Any CPU
		{41507EF1-E427-42A0-9F0E-C29C164D8DE6}.Release|Any CPU.Build.0 = Release|Any CPU
	EndGlobalSection
	GlobalSection(SolutionProperties) = preSolution
		HideSolutionNode = FALSE
	EndGlobalSection
	GlobalSection(ExtensibilityGlobals) = postSolution
		SolutionGuid = {53BE158B-4E0B-4D15-BECD-6A9E0381F0E7}
	EndGlobalSection
EndGlobal
